
Microsoft Visual Studio Solution File, Format Version 12.00
# Visual Studio Version 16
VisualStudioVersion = 16.0.30204.135
MinimumVisualStudioVersion = 10.0.40219.1
Project("{159641D6-6404-4A2A-AE62-294DE0FE8301}") = "Codx-Viva", "Codx-Viva.dtproj", "{DFDF009B-913D-4312-8F7D-6CA5639C57ED}"
EndProject
Global
	GlobalSection(SolutionConfigurationPlatforms) = preSolution
		Development|Default = Development|Default
	EndGlobalSection
	GlobalSection(ProjectConfigurationPlatforms) = postSolution
		{DFDF009B-913D-4312-8F7D-6CA5639C57ED}.Development|Default.ActiveCfg = Development
		{DFDF009B-913D-4312-8F7D-6CA5639C57ED}.Development|Default.Build.0 = Development
	EndGlobalSection
	GlobalSection(SolutionProperties) = preSolution
		HideSolutionNode = FALSE
	EndGlobalSection
	GlobalSection(ExtensibilityGlobals) = postSolution
		SolutionGuid = {8A9ADCF7-4A7E-4894-BC02-70B7EC7E5A16}
	EndGlobalSection
	GlobalSection(TeamFoundationVersionControl) = preSolution
		SccNumberOfProjects = 2
		SccEnterpriseProvider = {4CA58AB2-18FA-4F8D-95D4-32DDF27D184C}
		SccTeamFoundationServer = http://al-tfs-01:8080/tfs/defaultcollection
		SccLocalPath0 = .
		SccProjectUniqueName1 = Codx-Viva.dtproj
		SccLocalPath1 = .
	EndGlobalSection
EndGlobal
